
Microsoft Visual Studio Solution File, Format Version 12.00
# Visual Studio Version 17
VisualStudioVersion = 17.4.33122.133
MinimumVisualStudioVersion = 10.0.40219.1
Project("{FAE04EC0-301F-11D3-BF4B-00C04F79EFBC}") = "Order.API", "Order.API\Order.API.csproj", "{33733978-A5ED-45AF-819C-CB150FB09F9B}"
EndProject
Project("{FAE04EC0-301F-11D3-BF4B-00C04F79EFBC}") = "Stock.API", "Stock.API\Stock.API.csproj", "{F2D6F4CE-B3B1-4D36-89E0-7952324C50D2}"
EndProject
Project("{FAE04EC0-301F-11D3-BF4B-00C04F79EFBC}") = "Payment.API", "Payment.API\Payment.API.csproj", "{C34687C0-5494-4685-BC4A-6E3652ED517A}"
EndProject
Project("{FAE04EC0-301F-11D3-BF4B-00C04F79EFBC}") = "Shared", "Shared\Shared.csproj", "{EBD6CA2A-B357-4DA5-BED1-73FEE255F7FD}"
EndProject
Global
	GlobalSection(SolutionConfigurationPlatforms) = preSolution
		Debug|Any CPU = Debug|Any CPU
		Release|Any CPU = Release|Any CPU
	EndGlobalSection
	GlobalSection(ProjectConfigurationPlatforms) = postSolution
		{33733978-A5ED-45AF-819C-CB150FB09F9B}.Debug|Any CPU.ActiveCfg = Debug|Any CPU
		{33733978-A5ED-45AF-819C-CB150FB09F9B}.Debug|Any CPU.Build.0 = Debug|Any CPU
		{33733978-A5ED-45AF-819C-CB150FB09F9B}.Release|Any CPU.ActiveCfg = Release|Any CPU
		{33733978-A5ED-45AF-819C-CB150FB09F9B}.Release|Any CPU.Build.0 = Release|Any CPU
		{F2D6F4CE-B3B1-4D36-89E0-7952324C50D2}.Debug|Any CPU.ActiveCfg = Debug|Any CPU
		{F2D6F4CE-B3B1-4D36-89E0-7952324C50D2}.Debug|Any CPU.Build.0 = Debug|Any CPU
		{F2D6F4CE-B3B1-4D36-89E0-7952324C50D2}.Release|Any CPU.ActiveCfg = Release|Any CPU
		{F2D6F4CE-B3B1-4D36-89E0-7952324C50D2}.Release|Any CPU.Build.0 = Release|Any CPU
		{C34687C0-5494-4685-BC4A-6E3652ED517A}.Debug|Any CPU.ActiveCfg = Debug|Any CPU
		{C34687C0-5494-4685-BC4A-6E3652ED517A}.Debug|Any CPU.Build.0 = Debug|Any CPU
		{C34687C0-5494-4685-BC4A-6E3652ED517A}.Release|Any CPU.ActiveCfg = Release|Any CPU
		{C34687C0-5494-4685-BC4A-6E3652ED517A}.Release|Any CPU.Build.0 = Release|Any CPU
		{EBD6CA2A-B357-4DA5-BED1-73FEE255F7FD}.Debug|Any CPU.ActiveCfg = Debug|Any CPU
		{EBD6CA2A-B357-4DA5-BED1-73FEE255F7FD}.Debug|Any CPU.Build.0 = Debug|Any CPU
		{EBD6CA2A-B357-4DA5-BED1-73FEE255F7FD}.Release|Any CPU.ActiveCfg = Release|Any CPU
		{EBD6CA2A-B357-4DA5-BED1-73FEE255F7FD}.Release|Any CPU.Build.0 = Release|Any CPU
	EndGlobalSection
	GlobalSection(SolutionProperties) = preSolution
		HideSolutionNode = FALSE
	EndGlobalSection
	GlobalSection(ExtensibilityGlobals) = postSolution
		SolutionGuid = {250A705D-F073-49BC-BED4-B6A80B85BB7D}
	EndGlobalSection
EndGlobal
